{
  "agent": "codex-gpt5",
  "branch": "fix/synthesis-post-cap-dedupe-725",
  "owns_paths": [
    "docs/Musubi/06-ingestion/concept-synthesis.md",
    "docs/Musubi/_inbox/locks/slice-syn-post-cap-dedupe-725.lock",
    "docs/Musubi/_slices/slice-syn-post-cap-dedupe-725.md",
    "src/musubi/lifecycle/synthesis.py",
    "tests/lifecycle/test_synthesis.py"
  ],
  "reason": "Issue #725: deduplicate effective synthesis samples after deterministic capping",
  "timestamp": "2026-08-14T22:57:00Z"
}
