{
  "agent": "codex-gpt5-yua",
  "branch": "fix/idem005-typed-oversize",
  "timestamp": "2026-08-02T21:20:00Z",
  "reason": "IDEM-005 typed pre-mutation episodic content-size rejection under mandatory Aoi second-seat review",
  "owns_paths": [
    "docs/Musubi/_inbox/locks/slice-idem005-typed-oversize.lock",
    "docs/Musubi/_slices/slice-idem005-typed-oversize.md",
    "docs/Musubi/07-interfaces/canonical-api.md",
    "docs/Musubi/13-decisions/0040-durable-operation-evidence-and-legacy-resolution.md",
    "src/musubi/api/errors.py",
    "src/musubi/api/routers/writes_episodic.py",
    "tests/api/test_idem005_typed_oversize.py"
  ]
}
