{
  "agent": "tama",
  "branch": "slice/art-001-global-search-spikes",
  "timestamp": "2026-07-14T03:58:00-04:00",
  "reason": "Issue #451 bounded tests/docs-only Qdrant v1.17.1 global-search publication discriminator; frozen PR452/453 successor",
  "owns_paths": [
    "docs/Musubi/_slices/slice-art-001-global-search-spikes.md",
    "docs/Musubi/_inbox/locks/slice-art-001-global-search-spikes.lock",
    "spike-notes/art-001-global-search.md",
    "tests/planes/artifact/test_artifact_global_search_spikes.py"
  ],
  "sid": "slice-art-001-global-search-spikes",
  "scope": "Real-Qdrant global exact-K publication discriminator only. No source, PR452/453, ledger, deploy, host, merge, or architecture recommendation."
}

