{
  "agent": "gemini-3-1",
  "branch": "shiori/issue430-evals-impl",
  "timestamp": "2026-07-13T14:26:00Z",
  "reason": "RET-004 Tranche 2 Implementation",
  "owns_paths": [
    "docs/Musubi/05-retrieval/evals.md",
    "docs/Musubi/_slices/slice-ret004-evals.md",
    "src/musubi/evals/",
    "tests/evals/",
    "tests/retrieve/test_scoring.py",
    "tests/retrieve/test_hybrid.py",
    "tests/retrieve/test_rerank.py",
    "tests/retrieve/test_orchestration.py",
    ".github/workflows/evals.yml"
  ]
}
