{
  "agent": "tama",
  "branch": "slice/vault-002-boot-scan-fix",
  "timestamp": "2026-07-13T15:25:00Z",
  "reason": "VAULT-002: boot_scan passes relative path to event handler; relative_to fails silently; drifts are never indexed. Tests-first; source forbidden; independent of C6b/ART/VAULT-001.",
  "owns_paths": [
    "docs/Musubi/_slices/slice-vault-002-boot-scan-fix.md",
    "docs/Musubi/_inbox/locks/slice-vault-002-boot-scan-relative-path-noop.lock",
    "tests/vault/test_watcher_boot_scan.py",
    "projects/active/hermes-musubi-provider/fixtures/test_VAULT_002.py"
  ]
}
