{
  "agent": "codex-gpt5-yua",
  "branch": "docs/idem004-operation-evidence",
  "owns_paths": [
    "docs/Musubi/07-interfaces/canonical-api.md",
    "docs/Musubi/13-decisions/0040-durable-operation-evidence-and-legacy-resolution.md",
    "docs/Musubi/_inbox/locks/slice-idem004-operation-evidence-spec.lock",
    "docs/Musubi/_slices/slice-idem004-operation-evidence-spec.md"
  ],
  "reason": "IDEM-004 operation evidence and legacy resolution specification, Issue #605, PR #604",
  "timestamp": "2026-08-02T20:41:54Z"
}
