owner: aoi
branch: slice/c6b-phase1-source-impl
worktree: /Users/ericmey/Projects/musubi-worktrees/aoi-c6b-impl
claimed: 2026-07-14
scope: C6b Phase-1 source cut S1-S7 — flips the accepted #437 red contract green per c6b-phase1-source-cut-plan §F. Deliverable-0 = §E config-drift resolution (deploy/docs FILE->DIR + root-compose lifecycle-worker), ZERO src/musubi; then S1+ source (smallest owned-red flips).
authorization: Yua (2026-07-14, C6/C6b Phase-1 source cut, in force) — report source-design drift before coding; independent exact-SHA review after each checkpoint; ops-test inventory co-change authorized narrow (2026-07-14).
second-reader: Yua / Tama / Shiori (independent exact-head per checkpoint).
forbidden: G1 flip (stays strict-RED until H5); merge; ready-promotion; host/deploy execution; scope expansion beyond the plan §F owned reds.
owned-paths: docs/Musubi/_slices/slice-c6b-phase1-source-impl.md, src/musubi/lifecycle, docker-compose.yml, .env.example, deploy/docker/.env.production.example, deploy/backup/backup.yml, deploy/backup/README.md, deploy/runbooks/manual-recovery.md, tests/ops/test_compose.py, tests/lifecycle/test_c6b_atomicity.py, tests/ops/test_lifecycle_storage_doc_drift.py, docs/Musubi/08-deployment/compose-stack.md, docs/Musubi/08-deployment/host-profile.md, docs/Musubi/09-operations/runbooks.md, docs/Musubi/09-operations/index.md, docs/Musubi/09-operations/asset-matrix.md, docs/Musubi/09-operations/backup-restore.md, docs/Musubi/10-security/data-handling.md, docs/Musubi/11-migration/phase-2-hybrid-search.md, docs/Musubi/11-migration/re-embedding.md, docs/Musubi/11-migration/phase-6-lifecycle.md, docs/Musubi/_slices/slice-c6b-lifecycle-qdrant-sqlite-atomicity.md
reciprocal-dag: claim slice-c6b-lifecycle-qdrant-sqlite-atomicity.md ONLY for the reciprocal blocks entry (edit=>own); its tests/red assertions untouched; it has no owned-paths section so this is a clean first claim.
overlap: docker-compose.yml+tests/ops/test_compose.py -> slice-ops-compose (done); .env.example+compose-stack.md -> slice-config (done); runbooks.md -> slice-ops-first-deploy (done); index.md -> slice-ops-core-image-publish (done); all other named docs UNOWNED. Every overlap is with a done slice (advisory only).
provenance: c7b95da is the ACCEPTED IMMUTABLE red contract (Issue #437, PR434). This successor owns ONLY the mechanical decorator flips of the owned reds in tests/lifecycle/test_c6b_atomicity.py; assertion bodies stay byte-identical. Claimed honestly (edit => own, AGENTS.md). Verified the red-contract slice+lock never listed this path in an owned-paths section, so this is a clean first claim, not a contested transfer.
