{
  "agent": "codex-gpt5",
  "branch": "slice/api-v1-data001-curated-patch-conflict",
  "owns_paths": [
    "src/musubi/api/routers/writes_curated.py",
    "tests/api/test_data001_curated_patch_conflict.py",
    "docs/Musubi/07-interfaces/canonical-api.md",
    "docs/Musubi/_slices/slice-api-v1-data001-curated-patch-conflict.md",
    "docs/Musubi/_inbox/locks/slice-api-v1-data001-curated-patch-conflict.lock"
  ],
  "reason": "DATA-001: one-shot conflict for curated HTTP PATCH",
  "timestamp": "2026-08-03T12:25:00Z"
}
