owner: aoi
branch: slice/adr-auth-boundary
claimed: 2026-07-13
scope: Retrieval-audit OBSERVATION harnesses only (tests/retrieve/observe_*, harness.py) — landed
  evidence, no production fix. STAYS in-progress; not part of the mergeable auth-boundary stack.
authorization: Yua (stack rulings 2026-07-13T02:48 / T03:04 / T03:07). Docs/process only.
open-defects: DQ-001 (projection truncation), RET-002 (fast-mode access-marking), RET-009
  (include_lineage not wire-controllable) — each OPEN, canonical follow-up Issue/slice before this
  slice's eventual handoff. DQ-003 withdrawn/corrected. RET-007 belongs Phase A (SEC-004, PR #403).
second-reader: yua; acceptance: yua (at eventual handoff, not now).
forbidden: any src/musubi/** change; closing this slice in the current auth-boundary stack.
