{
  "agent": "tama",
  "branch": "slice/vault-002-boot-scan-fix",
  "timestamp": "2026-07-13T18:10:00Z",
  "reason": "VAULT-002 combined contract+implementation: 9-test red contract (2 source reds + 4 controls + 3 red-proofs) PLUS the accepted source fix (Option A: pass absolute path in boot_scan) at c0c91ba. Slice originally tests-first (source forbidden); Yua 17:43:21 granted NARROW source authorization; Option A accepted, Option B rejected (per Yua 17:54:34). No claim of merge/closure; status remains in-progress until deployment proof and independent sign-off.",
  "owns_paths": [
    "tests/vault/test_watcher_boot_scan_vault_002.py",
    "tests/vault/test_watcher_boot_scan.py",
    "docs/Musubi/_slices/slice-vault-002-boot-scan-fix.md",
    "docs/Musubi/_inbox/locks/slice-vault-002-boot-scan-fix.lock"
  ],
  "sid": "slice-vault-002-boot-scan-fix",
  "scope": "VAULT-002 combined contract+implementation (tests-first red contract + accepted source fix at c0c91ba in the same branch; history preserved additively in commit log; no claim of merge/closure; no merge/deploy/host). tests/vault/test_watcher_boot_scan.py is owned exclusively by this slice for the duration of the VAULT-002 fix (transfer from slice-ops-hardening-suite per Yua 2026-07-13 18:01:24)."
}
