{
  "agent": "codex-gpt5-yua",
  "branch": "fix/issue449-release-automation",
  "timestamp": "2026-08-02T21:55:00Z",
  "reason": "Issue #449 release-only manual auto-pin implementation under Aoi safety review",
  "owns_paths": [
    ".github/workflows/auto-digest-bump.yml",
    "tests/release/test_release_automation_issue449.py",
    "docs/Musubi/_slices/slice-release-automation-issue449.md",
    "docs/Musubi/_inbox/locks/slice-release-automation-issue449.lock"
  ]
}
