owner: aoi
branch: slice/ret007-degradation-impl
worktree: /Users/ericmey/Projects/musubi-worktrees/aoi-ret007-impl
claimed: 2026-07-13
scope: RET-007 IMPLEMENTATION — explicit typed success envelope refactor + expanded reds. This
  commit = expanded RED set (tests + slice doc, zero src); the src refactor follows in this slice
  after the red commit (Yua-authorized). Implements the accepted red contract (#416).
authorization: Yua (RET-007 impl lane 2026-07-13); explicit-envelope design locked; tests-first,
  expanded red commit before src; no merge/deploy without Yua review.
second-reader: yua; acceptance: yua; merger: different party.
forbidden: the hermes-agent repo (Hermes is a separate dependent slice #417); auth/idempotency files.
