{
  "agent": "aoi-command-chair",
  "branch": "slice/ret-008-concurrent-accounting",
  "timestamp": "2026-07-15T13:11:41Z",
  "reason": "RET-008 (#502) concurrency-safe access accounting (fenced lease)",
  "owns_paths": [
    "src/musubi/store/access_lease.py",
    "src/musubi/types/base.py",
    "src/musubi/retrieve/accounting.py",
    "src/musubi/planes/episodic/plane.py",
    "docs/Musubi/_slices/slice-ret008-concurrent-accounting.md",
    "tests/store/test_access_lease.py",
    "tests/retrieve/test_ret008_concurrent_accounting_integration.py",
    "tests/retrieve/test_ret002_access_accounting.py"
  ]
}
