{
  "agent": "codex-gpt5",
  "branch": "slice/val002-storage-aware-sweep",
  "owns_paths": [
    "docs/Musubi/_inbox/locks/slice-val002-storage-aware-sweep.lock",
    "docs/Musubi/_slices/slice-val002-storage-aware-sweep.md",
    "src/musubi/cli/validate.py",
    "tests/cli/test_validate.py"
  ],
  "reason": "VAL-002: storage-aware row integrity sweep",
  "timestamp": "2026-08-02T22:52:00Z"
}
