owner: aoi
branch: slice/idempotency-phase-b
worktree: /Users/ericmey/Projects/musubi-worktrees/aoi-idempotency-phase-b
claimed: 2026-07-13
scope: Phase B src — routed post-authz idempotency pipeline closing SEC-002 (pre-auth replay
  bypass) + IDEM-001 (cross-endpoint replay + race). AuthorizedWrite body-auth edge, lease/digest
  cache, routed idempotency dependency, store-only pure-ASGI observer, named app.py composition
  wiring on the 3 body-derived JSON captures (POST /v1/episodic, /v1/episodic/batch, /v1/curated).
authorization: Yua narrow src authorization (REQ 2026-07-13T00:17), Phase B only. Stacked on the
  frozen Phase A branch slice/auth-boundary-phase-a / PR #403 @ a1c916e.
second-reader: yua (per-commit adversarial review); acceptance: yua; merger: different party.
forbidden: multipart ingress cap / D5; artifact digest changes; Phase A files except the named
  app.py wiring; retrieval/lifecycle/adapters; durable cross-process cache. Query-derived / concept
  mutations are a named out-of-scope follow-up.
